{
  "nodes": {
    "expidus-sdk": {
      "locked": {
        "lastModified": 1670132097,
        "narHash": "sha256-3M1EDttsqiB6lfWJKhyIZRv52Cw4ANAMc45LG4O3EFw=",
        "owner": "ExpidusOS",
        "repo": "sdk",
        "rev": "60ff62c814c2c489ea687485d0d4f0d42dc13a44",
        "type": "github"
      },
      "original": {
        "owner": "ExpidusOS",
        "repo": "sdk",
        "type": "github"
      }
    },
    "root": {
      "inputs": {
        "expidus-sdk": "expidus-sdk"
      }
    }
  },
  "root": "root",
  "version": 7
}
