{
  "nodes": {
    "expidus-sdk": {
      "locked": {
        "lastModified": 1666972040,
        "narHash": "sha256-oBMj0WYJF12zNIsojYosnmauj3RSVSa3pPlFq26ZMZM=",
        "owner": "ExpidusOS",
        "repo": "sdk",
        "rev": "1b7e07f03456105e8356fcbcd83bef5d27e7b160",
        "type": "github"
      },
      "original": {
        "owner": "ExpidusOS",
        "repo": "sdk",
        "type": "github"
      }
    },
    "root": {
      "inputs": {
        "expidus-sdk": "expidus-sdk"
      }
    }
  },
  "root": "root",
  "version": 7
}
